<?xml version="1.0" encoding="utf-8"?>
<Project ToolsVersion="4.0" xmlns="http://schemas.microsoft.com/developer/msbuild/2003">
  <ItemGroup>
    <Filter Include="test">
      <UniqueIdentifier>{42AD74BA-CF00-7046-A4A7-8E421336F7C0}</UniqueIdentifier>
    </Filter>
  </ItemGroup>
  <ItemGroup>
    <ClCompile Include="..\..\..\..\..\test\testwm2.c">
      <Filter>test</Filter>
    </ClCompile>
  </ItemGroup>
</Project>
