
Microsoft Visual Studio Solution File, Format Version 12.00
# Visual Studio 2012
Project("{8BC9CEB8-8B4A-11D0-8D11-00A0C91BC942}") = "testjoystick", "tests\testjoystick\testjoystick.vcxproj", "{867A2823-E792-3749-A47C-1B5F118FD1F9}"
	ProjectSection(ProjectDependencies) = postProject
		{47B50335-DB5D-B948-B80C-E361ED5793F5} = {47B50335-DB5D-B948-B80C-E361ED5793F5}
		{7F1E020B-52F6-584E-B841-8B390015238B} = {7F1E020B-52F6-584E-B841-8B390015238B}
	EndProjectSection
EndProject
Project("{8BC9CEB8-8B4A-11D0-8D11-00A0C91BC942}") = "testfilesystem", "tests\testfilesystem\testfilesystem.vcxproj", "{259763DF-AC86-B445-A465-064452171EB6}"
	ProjectSection(ProjectDependencies) = postProject
		{47B50335-DB5D-B948-B80C-E361ED5793F5} = {47B50335-DB5D-B948-B80C-E361ED5793F5}
		{7F1E020B-52F6-584E-B841-8B390015238B} = {7F1E020B-52F6-584E-B841-8B390015238B}
	EndProjectSection
EndProject
Project("{8BC9CEB8-8B4A-11D0-8D11-00A0C91BC942}") = "testsem", "tests\testsem\testsem.vcxproj", "{15C9C3A3-A6CD-F24B-AA55-74C46DFB123D}"
	ProjectSection(ProjectDependencies) = postProject
		{47B50335-DB5D-B948-B80C-E361ED5793F5} = {47B50335-DB5D-B948-B80C-E361ED5793F5}
		{7F1E020B-52F6-584E-B841-8B390015238B} = {7F1E020B-52F6-584E-B841-8B390015238B}
	EndProjectSection
EndProject
Project("{8BC9CEB8-8B4A-11D0-8D11-00A0C91BC942}") = "testnative", "tests\testnative\testnative.vcxproj", "{BC693F25-4940-BB43-8529-E27D65275975}"
	ProjectSection(ProjectDependencies) = postProject
		{47B50335-DB5D-B948-B80C-E361ED5793F5} = {47B50335-DB5D-B948-B80C-E361ED5793F5}
		{7F1E020B-52F6-584E-B841-8B390015238B} = {7F1E020B-52F6-584E-B841-8B390015238B}
	EndProjectSection
EndProject
Project("{8BC9CEB8-8B4A-11D0-8D11-00A0C91BC942}") = "testscale", "tests\testscale\testscale.vcxproj", "{8BBBF780-F9F4-0843-85B4-6100C0771E09}"
	ProjectSection(ProjectDependencies) = postProject
		{47B50335-DB5D-B948-B80C-E361ED5793F5} = {47B50335-DB5D-B948-B80C-E361ED5793F5}
		{E544B08A-C532-884E-A0BE-0F6F7F700067} = {E544B08A-C532-884E-A0BE-0F6F7F700067}
		{7F1E020B-52F6-584E-B841-8B390015238B} = {7F1E020B-52F6-584E-B841-8B390015238B}
	EndProjectSection
EndProject
Project("{8BC9CEB8-8B4A-11D0-8D11-00A0C91BC942}") = "testgamecontroller", "tests\testgamecontroller\testgamecontroller.vcxproj", "{24AB4CEE-B82E-9C42-8ED2-9F3F7F3006AE}"
	ProjectSection(ProjectDependencies) = postProject
		{47B50335-DB5D-B948-B80C-E361ED5793F5} = {47B50335-DB5D-B948-B80C-E361ED5793F5}
		{7F1E020B-52F6-584E-B841-8B390015238B} = {7F1E020B-52F6-584E-B841-8B390015238B}
	EndProjectSection
EndProject
Project("{8BC9CEB8-8B4A-11D0-8D11-00A0C91BC942}") = "testrendertarget", "tests\testrendertarget\testrendertarget.vcxproj", "{98CD7D27-4B74-4942-81DC-C82474A2E822}"
	ProjectSection(ProjectDependencies) = postProject
		{47B50335-DB5D-B948-B80C-E361ED5793F5} = {47B50335-DB5D-B948-B80C-E361ED5793F5}
		{E544B08A-C532-884E-A0BE-0F6F7F700067} = {E544B08A-C532-884E-A0BE-0F6F7F700067}
		{7F1E020B-52F6-584E-B841-8B390015238B} = {7F1E020B-52F6-584E-B841-8B390015238B}
	EndProjectSection
EndProject
Project("{8BC9CEB8-8B4A-11D0-8D11-00A0C91BC942}") = "testver", "tests\testver\testver.vcxproj", "{8B16A430-9090-B747-8825-BDE4B9A06538}"
	ProjectSection(ProjectDependencies) = postProject
		{47B50335-DB5D-B948-B80C-E361ED5793F5} = {47B50335-DB5D-B948-B80C-E361ED5793F5}
		{7F1E020B-52F6-584E-B841-8B390015238B} = {7F1E020B-52F6-584E-B841-8B390015238B}
	EndProjectSection
EndProject
Project("{8BC9CEB8-8B4A-11D0-8D11-00A0C91BC942}") = "testkeys", "tests\testkeys\testkeys.vcxproj", "{A22567A8-5E3D-4046-A9EE-32148A1996DE}"
	ProjectSection(ProjectDependencies) = postProject
		{47B50335-DB5D-B948-B80C-E361ED5793F5} = {47B50335-DB5D-B948-B80C-E361ED5793F5}
		{7F1E020B-52F6-584E-B841-8B390015238B} = {7F1E020B-52F6-584E-B841-8B390015238B}
	EndProjectSection
EndProject
Project("{8BC9CEB8-8B4A-11D0-8D11-00A0C91BC942}") = "testloadso", "tests\testloadso\testloadso.vcxproj", "{F81F2611-F8C5-334F-9ED8-1ABE38A1B106}"
	ProjectSection(ProjectDependencies) = postProject
		{47B50335-DB5D-B948-B80C-E361ED5793F5} = {47B50335-DB5D-B948-B80C-E361ED5793F5}
		{7F1E020B-52F6-584E-B841-8B390015238B} = {7F1E020B-52F6-584E-B841-8B390015238B}
	EndProjectSection
EndProject
Project("{8BC9CEB8-8B4A-11D0-8D11-00A0C91BC942}") = "testtimer", "tests\testtimer\testtimer.vcxproj", "{87AECED3-5F20-8E46-9DFD-17A9E01D7E37}"
	ProjectSection(ProjectDependencies) = postProject
		{47B50335-DB5D-B948-B80C-E361ED5793F5} = {47B50335-DB5D-B948-B80C-E361ED5793F5}
		{7F1E020B-52F6-584E-B841-8B390015238B} = {7F1E020B-52F6-584E-B841-8B390015238B}
	EndProjectSection
EndProject
Project("{8BC9CEB8-8B4A-11D0-8D11-00A0C91BC942}") = "testoverlay2", "tests\testoverlay2\testoverlay2.vcxproj", "{8ABC84ED-C999-DE4A-A929-CD6A79647804}"
	ProjectSection(ProjectDependencies) = postProject
		{47B50335-DB5D-B948-B80C-E361ED5793F5} = {47B50335-DB5D-B948-B80C-E361ED5793F5}
		{7F1E020B-52F6-584E-B841-8B390015238B} = {7F1E020B-52F6-584E-B841-8B390015238B}
	EndProjectSection
EndProject
Project("{8BC9CEB8-8B4A-11D0-8D11-00A0C91BC942}") = "torturethread", "tests\torturethread\torturethread.vcxproj", "{615744A9-90A8-A643-B2A7-223FEA845A00}"
	ProjectSection(ProjectDependencies) = postProject
		{47B50335-DB5D-B948-B80C-E361ED5793F5} = {47B50335-DB5D-B948-B80C-E361ED5793F5}
		{7F1E020B-52F6-584E-B841-8B390015238B} = {7F1E020B-52F6-584E-B841-8B390015238B}
	EndProjectSection
EndProject
Project("{8BC9CEB8-8B4A-11D0-8D11-00A0C91BC942}") = "testplatform", "tests\testplatform\testplatform.vcxproj", "{189FC042-4838-4342-9276-9514BB403092}"
	ProjectSection(ProjectDependencies) = postProject
		{47B50335-DB5D-B948-B80C-E361ED5793F5} = {47B50335-DB5D-B948-B80C-E361ED5793F5}
		{7F1E020B-52F6-584E-B841-8B390015238B} = {7F1E020B-52F6-584E-B841-8B390015238B}
	EndProjectSection
EndProject
Project("{8BC9CEB8-8B4A-11D0-8D11-00A0C91BC942}") = "testgesture", "tests\testgesture\testgesture.vcxproj", "{356BDC7D-2137-DA40-B20E-057366ADDEB7}"
	ProjectSection(ProjectDependencies) = postProject
		{47B50335-DB5D-B948-B80C-E361ED5793F5} = {47B50335-DB5D-B948-B80C-E361ED5793F5}
		{7F1E020B-52F6-584E-B841-8B390015238B} = {7F1E020B-52F6-584E-B841-8B390015238B}
	EndProjectSection
EndProject
Project("{8BC9CEB8-8B4A-11D0-8D11-00A0C91BC942}") = "testaudioinfo", "tests\testaudioinfo\testaudioinfo.vcxproj", "{7A1312CF-BE73-8849-AFE9-48A028FB6C88}"
	ProjectSection(ProjectDependencies) = postProject
		{47B50335-DB5D-B948-B80C-E361ED5793F5} = {47B50335-DB5D-B948-B80C-E361ED5793F5}
		{7F1E020B-52F6-584E-B841-8B390015238B} = {7F1E020B-52F6-584E-B841-8B390015238B}
	EndProjectSection
EndProject
Project("{8BC9CEB8-8B4A-11D0-8D11-00A0C91BC942}") = "loopwave", "tests\loopwave\loopwave.vcxproj", "{B4860E68-BEB0-2242-A6F6-A2D6FDCB5FD6}"
	ProjectSection(ProjectDependencies) = postProject
		{47B50335-DB5D-B948-B80C-E361ED5793F5} = {47B50335-DB5D-B948-B80C-E361ED5793F5}
		{7F1E020B-52F6-584E-B841-8B390015238B} = {7F1E020B-52F6-584E-B841-8B390015238B}
	EndProjectSection
EndProject
Project("{8BC9CEB8-8B4A-11D0-8D11-00A0C91BC942}") = "testthread", "tests\testthread\testthread.vcxproj", "{299C1DAB-6EB1-3D4C-8101-7CDEDE92928D}"
	ProjectSection(ProjectDependencies) = postProject
		{47B50335-DB5D-B948-B80C-E361ED5793F5} = {47B50335-DB5D-B948-B80C-E361ED5793F5}
		{7F1E020B-52F6-584E-B841-8B390015238B} = {7F1E020B-52F6-584E-B841-8B390015238B}
	EndProjectSection
EndProject
Project("{8BC9CEB8-8B4A-11D0-8D11-00A0C91BC942}") = "teststreaming", "tests\teststreaming\teststreaming.vcxproj", "{187FC8D5-3BD2-394C-811A-8CBA0476B0DC}"
	ProjectSection(ProjectDependencies) = postProject
		{47B50335-DB5D-B948-B80C-E361ED5793F5} = {47B50335-DB5D-B948-B80C-E361ED5793F5}
		{7F1E020B-52F6-584E-B841-8B390015238B} = {7F1E020B-52F6-584E-B841-8B390015238B}
	EndProjectSection
EndProject
Project("{8BC9CEB8-8B4A-11D0-8D11-00A0C91BC942}") = "checkkeys", "tests\checkkeys\checkkeys.vcxproj", "{0C2EE701-0ABA-5E48-9253-B3A54ECD5107}"
	ProjectSection(ProjectDependencies) = postProject
		{47B50335-DB5D-B948-B80C-E361ED5793F5} = {47B50335-DB5D-B948-B80C-E361ED5793F5}
		{7F1E020B-52F6-584E-B841-8B390015238B} = {7F1E020B-52F6-584E-B841-8B390015238B}
	EndProjectSection
EndProject
Project("{8BC9CEB8-8B4A-11D0-8D11-00A0C91BC942}") = "testspriteminimal", "tests\testspriteminimal\testspriteminimal.vcxproj", "{170EE42E-8EE9-8E49-B04F-F412A203DF1D}"
	ProjectSection(ProjectDependencies) = postProject
		{47B50335-DB5D-B948-B80C-E361ED5793F5} = {47B50335-DB5D-B948-B80C-E361ED5793F5}
		{7F1E020B-52F6-584E-B841-8B390015238B} = {7F1E020B-52F6-584E-B841-8B390015238B}
	EndProjectSection
EndProject
Project("{8BC9CEB8-8B4A-11D0-8D11-00A0C91BC942}") = "testsprite2", "tests\testsprite2\testsprite2.vcxproj", "{5B2F2D57-A129-C849-9C06-5B2D35B74E07}"
	ProjectSection(ProjectDependencies) = postProject
		{47B50335-DB5D-B948-B80C-E361ED5793F5} = {47B50335-DB5D-B948-B80C-E361ED5793F5}
		{E544B08A-C532-884E-A0BE-0F6F7F700067} = {E544B08A-C532-884E-A0BE-0F6F7F700067}
		{7F1E020B-52F6-584E-B841-8B390015238B} = {7F1E020B-52F6-584E-B841-8B390015238B}
	EndProjectSection
EndProject
Project("{8BC9CEB8-8B4A-11D0-8D11-00A0C91BC942}") = "testgles", "tests\testgles\testgles.vcxproj", "{1BC2C664-E0D9-314C-BDDE-6DF601ADE701}"
	ProjectSection(ProjectDependencies) = postProject
		{47B50335-DB5D-B948-B80C-E361ED5793F5} = {47B50335-DB5D-B948-B80C-E361ED5793F5}
		{E544B08A-C532-884E-A0BE-0F6F7F700067} = {E544B08A-C532-884E-A0BE-0F6F7F700067}
		{7F1E020B-52F6-584E-B841-8B390015238B} = {7F1E020B-52F6-584E-B841-8B390015238B}
	EndProjectSection
EndProject
Project("{8BC9CEB8-8B4A-11D0-8D11-00A0C91BC942}") = "testatomic", "tests\testatomic\testatomic.vcxproj", "{D2F26E24-D261-C54C-A334-F8F0EA68AA51}"
	ProjectSection(ProjectDependencies) = postProject
		{47B50335-DB5D-B948-B80C-E361ED5793F5} = {47B50335-DB5D-B948-B80C-E361ED5793F5}
		{7F1E020B-52F6-584E-B841-8B390015238B} = {7F1E020B-52F6-584E-B841-8B390015238B}
	EndProjectSection
EndProject
Project("{8BC9CEB8-8B4A-11D0-8D11-00A0C91BC942}") = "SDL2test", "SDL2test\SDL2test.vcxproj", "{E544B08A-C532-884E-A0BE-0F6F7F700067}"
	ProjectSection(ProjectDependencies) = postProject
		{47B50335-DB5D-B948-B80C-E361ED5793F5} = {47B50335-DB5D-B948-B80C-E361ED5793F5}
		{7F1E020B-52F6-584E-B841-8B390015238B} = {7F1E020B-52F6-584E-B841-8B390015238B}
	EndProjectSection
EndProject
Project("{8BC9CEB8-8B4A-11D0-8D11-00A0C91BC942}") = "testhaptic", "tests\testhaptic\testhaptic.vcxproj", "{84FB19AD-E26F-984D-8F1F-9D92BC817E75}"
	ProjectSection(ProjectDependencies) = postProject
		{47B50335-DB5D-B948-B80C-E361ED5793F5} = {47B50335-DB5D-B948-B80C-E361ED5793F5}
		{7F1E020B-52F6-584E-B841-8B390015238B} = {7F1E020B-52F6-584E-B841-8B390015238B}
	EndProjectSection
EndProject
Project("{8BC9CEB8-8B4A-11D0-8D11-00A0C91BC942}") = "testgl2", "tests\testgl2\testgl2.vcxproj", "{114BFA65-28CD-704A-A34B-99E354525E81}"
	ProjectSection(ProjectDependencies) = postProject
		{47B50335-DB5D-B948-B80C-E361ED5793F5} = {47B50335-DB5D-B948-B80C-E361ED5793F5}
		{E544B08A-C532-884E-A0BE-0F6F7F700067} = {E544B08A-C532-884E-A0BE-0F6F7F700067}
		{7F1E020B-52F6-584E-B841-8B390015238B} = {7F1E020B-52F6-584E-B841-8B390015238B}
	EndProjectSection
EndProject
Project("{8BC9CEB8-8B4A-11D0-8D11-00A0C91BC942}") = "SDL2", "SDL2\SDL2.vcxproj", "{7F1E020B-52F6-584E-B841-8B390015238B}"
EndProject
Project("{8BC9CEB8-8B4A-11D0-8D11-00A0C91BC942}") = "testerror", "tests\testerror\testerror.vcxproj", "{DFD06E4E-B317-B745-8FB4-7063244DCA3E}"
	ProjectSection(ProjectDependencies) = postProject
		{47B50335-DB5D-B948-B80C-E361ED5793F5} = {47B50335-DB5D-B948-B80C-E361ED5793F5}
		{7F1E020B-52F6-584E-B841-8B390015238B} = {7F1E020B-52F6-584E-B841-8B390015238B}
	EndProjectSection
EndProject
Project("{8BC9CEB8-8B4A-11D0-8D11-00A0C91BC942}") = "testrumble", "tests\testrumble\testrumble.vcxproj", "{C72B0123-A5BD-FD45-90F1-1C29D45B5C92}"
	ProjectSection(ProjectDependencies) = postProject
		{47B50335-DB5D-B948-B80C-E361ED5793F5} = {47B50335-DB5D-B948-B80C-E361ED5793F5}
		{7F1E020B-52F6-584E-B841-8B390015238B} = {7F1E020B-52F6-584E-B841-8B390015238B}
	EndProjectSection
EndProject
Project("{8BC9CEB8-8B4A-11D0-8D11-00A0C91BC942}") = "testresample", "tests\testresample\testresample.vcxproj", "{E8FC2B01-864C-1E4A-8E32-7103EF479048}"
	ProjectSection(ProjectDependencies) = postProject
		{47B50335-DB5D-B948-B80C-E361ED5793F5} = {47B50335-DB5D-B948-B80C-E361ED5793F5}
		{7F1E020B-52F6-584E-B841-8B390015238B} = {7F1E020B-52F6-584E-B841-8B390015238B}
	EndProjectSection
EndProject
Project("{8BC9CEB8-8B4A-11D0-8D11-00A0C91BC942}") = "testrendercopyex", "tests\testrendercopyex\testrendercopyex.vcxproj", "{7BAE36E7-E655-B24D-B110-D2567316D6EA}"
	ProjectSection(ProjectDependencies) = postProject
		{47B50335-DB5D-B948-B80C-E361ED5793F5} = {47B50335-DB5D-B948-B80C-E361ED5793F5}
		{E544B08A-C532-884E-A0BE-0F6F7F700067} = {E544B08A-C532-884E-A0BE-0F6F7F700067}
		{7F1E020B-52F6-584E-B841-8B390015238B} = {7F1E020B-52F6-584E-B841-8B390015238B}
	EndProjectSection
EndProject
Project("{8BC9CEB8-8B4A-11D0-8D11-00A0C91BC942}") = "testpower", "tests\testpower\testpower.vcxproj", "{E3D41488-DCA1-A34B-87D3-E9820E500DA9}"
	ProjectSection(ProjectDependencies) = postProject
		{47B50335-DB5D-B948-B80C-E361ED5793F5} = {47B50335-DB5D-B948-B80C-E361ED5793F5}
		{7F1E020B-52F6-584E-B841-8B390015238B} = {7F1E020B-52F6-584E-B841-8B390015238B}
	EndProjectSection
EndProject
Project("{8BC9CEB8-8B4A-11D0-8D11-00A0C91BC942}") = "testchessboard", "tests\testchessboard\testchessboard.vcxproj", "{15323EAE-0CB5-4245-8324-A4BF2EA72D6B}"
	ProjectSection(ProjectDependencies) = postProject
		{47B50335-DB5D-B948-B80C-E361ED5793F5} = {47B50335-DB5D-B948-B80C-E361ED5793F5}
		{7F1E020B-52F6-584E-B841-8B390015238B} = {7F1E020B-52F6-584E-B841-8B390015238B}
	EndProjectSection
EndProject
Project("{8BC9CEB8-8B4A-11D0-8D11-00A0C91BC942}") = "SDL2main", "SDL2main\SDL2main.vcxproj", "{47B50335-DB5D-B948-B80C-E361ED5793F5}"
EndProject
Project("{8BC9CEB8-8B4A-11D0-8D11-00A0C91BC942}") = "testrelative", "tests\testrelative\testrelative.vcxproj", "{3186A875-B682-2D4D-97EC-CCF61AEEEAC7}"
	ProjectSection(ProjectDependencies) = postProject
		{47B50335-DB5D-B948-B80C-E361ED5793F5} = {47B50335-DB5D-B948-B80C-E361ED5793F5}
		{E544B08A-C532-884E-A0BE-0F6F7F700067} = {E544B08A-C532-884E-A0BE-0F6F7F700067}
		{7F1E020B-52F6-584E-B841-8B390015238B} = {7F1E020B-52F6-584E-B841-8B390015238B}
	EndProjectSection
EndProject
Project("{8BC9CEB8-8B4A-11D0-8D11-00A0C91BC942}") = "testlock", "tests\testlock\testlock.vcxproj", "{E2DDA701-A62F-9542-8BA9-296CBF281945}"
	ProjectSection(ProjectDependencies) = postProject
		{47B50335-DB5D-B948-B80C-E361ED5793F5} = {47B50335-DB5D-B948-B80C-E361ED5793F5}
		{7F1E020B-52F6-584E-B841-8B390015238B} = {7F1E020B-52F6-584E-B841-8B390015238B}
	EndProjectSection
EndProject
Project("{8BC9CEB8-8B4A-11D0-8D11-00A0C91BC942}") = "testmultiaudio", "tests\testmultiaudio\testmultiaudio.vcxproj", "{B7DA3C1F-B34B-A14A-BF10-BF628BA69C1B}"
	ProjectSection(ProjectDependencies) = postProject
		{47B50335-DB5D-B948-B80C-E361ED5793F5} = {47B50335-DB5D-B948-B80C-E361ED5793F5}
		{7F1E020B-52F6-584E-B841-8B390015238B} = {7F1E020B-52F6-584E-B841-8B390015238B}
	EndProjectSection
EndProject
Project("{8BC9CEB8-8B4A-11D0-8D11-00A0C91BC942}") = "testmessage", "tests\testmessage\testmessage.vcxproj", "{461B95F1-FB8D-9B45-8FF9-8E0A9F56CA1B}"
	ProjectSection(ProjectDependencies) = postProject
		{47B50335-DB5D-B948-B80C-E361ED5793F5} = {47B50335-DB5D-B948-B80C-E361ED5793F5}
		{7F1E020B-52F6-584E-B841-8B390015238B} = {7F1E020B-52F6-584E-B841-8B390015238B}
	EndProjectSection
EndProject
Project("{8BC9CEB8-8B4A-11D0-8D11-00A0C91BC942}") = "testdraw2", "tests\testdraw2\testdraw2.vcxproj", "{E4477807-2D9E-CC43-9EF3-AEB1ADEDF79C}"
	ProjectSection(ProjectDependencies) = postProject
		{47B50335-DB5D-B948-B80C-E361ED5793F5} = {47B50335-DB5D-B948-B80C-E361ED5793F5}
		{E544B08A-C532-884E-A0BE-0F6F7F700067} = {E544B08A-C532-884E-A0BE-0F6F7F700067}
		{7F1E020B-52F6-584E-B841-8B390015238B} = {7F1E020B-52F6-584E-B841-8B390015238B}
	EndProjectSection
EndProject
Project("{8BC9CEB8-8B4A-11D0-8D11-00A0C91BC942}") = "testshape", "tests\testshape\testshape.vcxproj", "{A916A09F-93F3-0A4F-9A95-9938BD96CF05}"
	ProjectSection(ProjectDependencies) = postProject
		{47B50335-DB5D-B948-B80C-E361ED5793F5} = {47B50335-DB5D-B948-B80C-E361ED5793F5}
		{7F1E020B-52F6-584E-B841-8B390015238B} = {7F1E020B-52F6-584E-B841-8B390015238B}
	EndProjectSection
EndProject
Project("{8BC9CEB8-8B4A-11D0-8D11-00A0C91BC942}") = "testwm2", "tests\testwm2\testwm2.vcxproj", "{0DC21429-28DC-194C-AFFB-8BAB95022180}"
	ProjectSection(ProjectDependencies) = postProject
		{47B50335-DB5D-B948-B80C-E361ED5793F5} = {47B50335-DB5D-B948-B80C-E361ED5793F5}
		{E544B08A-C532-884E-A0BE-0F6F7F700067} = {E544B08A-C532-884E-A0BE-0F6F7F700067}
		{7F1E020B-52F6-584E-B841-8B390015238B} = {7F1E020B-52F6-584E-B841-8B390015238B}
	EndProjectSection
EndProject
Project("{8BC9CEB8-8B4A-11D0-8D11-00A0C91BC942}") = "testautomation", "tests\testautomation\testautomation.vcxproj", "{F7EAB41D-92CB-6B49-8131-48A61120F3C4}"
	ProjectSection(ProjectDependencies) = postProject
		{47B50335-DB5D-B948-B80C-E361ED5793F5} = {47B50335-DB5D-B948-B80C-E361ED5793F5}
		{E544B08A-C532-884E-A0BE-0F6F7F700067} = {E544B08A-C532-884E-A0BE-0F6F7F700067}
		{7F1E020B-52F6-584E-B841-8B390015238B} = {7F1E020B-52F6-584E-B841-8B390015238B}
	EndProjectSection
EndProject
Project("{8BC9CEB8-8B4A-11D0-8D11-00A0C91BC942}") = "testiconv", "tests\testiconv\testiconv.vcxproj", "{4CF625C3-2F83-7F4F-8ADD-15BEEFCD24E7}"
	ProjectSection(ProjectDependencies) = postProject
		{47B50335-DB5D-B948-B80C-E361ED5793F5} = {47B50335-DB5D-B948-B80C-E361ED5793F5}
		{7F1E020B-52F6-584E-B841-8B390015238B} = {7F1E020B-52F6-584E-B841-8B390015238B}
	EndProjectSection
EndProject
Project("{8BC9CEB8-8B4A-11D0-8D11-00A0C91BC942}") = "testfile", "tests\testfile\testfile.vcxproj", "{07A396E5-1642-6148-82DA-2FF06644E542}"
	ProjectSection(ProjectDependencies) = postProject
		{47B50335-DB5D-B948-B80C-E361ED5793F5} = {47B50335-DB5D-B948-B80C-E361ED5793F5}
		{7F1E020B-52F6-584E-B841-8B390015238B} = {7F1E020B-52F6-584E-B841-8B390015238B}
	EndProjectSection
EndProject
Project("{8BC9CEB8-8B4A-11D0-8D11-00A0C91BC942}") = "testime", "tests\testime\testime.vcxproj", "{98C363EE-E394-564A-8F5D-8649BE4EA3A5}"
	ProjectSection(ProjectDependencies) = postProject
		{47B50335-DB5D-B948-B80C-E361ED5793F5} = {47B50335-DB5D-B948-B80C-E361ED5793F5}
		{E544B08A-C532-884E-A0BE-0F6F7F700067} = {E544B08A-C532-884E-A0BE-0F6F7F700067}
		{7F1E020B-52F6-584E-B841-8B390015238B} = {7F1E020B-52F6-584E-B841-8B390015238B}
	EndProjectSection
EndProject
Project("{8BC9CEB8-8B4A-11D0-8D11-00A0C91BC942}") = "testshader", "tests\testshader\testshader.vcxproj", "{51ADEB0F-09DD-5242-87FC-6DD5C4A098E3}"
	ProjectSection(ProjectDependencies) = postProject
		{47B50335-DB5D-B948-B80C-E361ED5793F5} = {47B50335-DB5D-B948-B80C-E361ED5793F5}
		{7F1E020B-52F6-584E-B841-8B390015238B} = {7F1E020B-52F6-584E-B841-8B390015238B}
	EndProjectSection
EndProject
Global
	GlobalSection(SolutionConfigurationPlatforms) = preSolution
		Debug|Win32 = Debug|Win32
		Release|Win32 = Release|Win32
	EndGlobalSection
	GlobalSection(ProjectConfigurationPlatforms) = postSolution
		{867A2823-E792-3749-A47C-1B5F118FD1F9}.Debug|Win32.ActiveCfg = Debug|Win32
		{867A2823-E792-3749-A47C-1B5F118FD1F9}.Debug|Win32.Build.0 = Debug|Win32
		{867A2823-E792-3749-A47C-1B5F118FD1F9}.Release|Win32.ActiveCfg = Release|Win32
		{867A2823-E792-3749-A47C-1B5F118FD1F9}.Release|Win32.Build.0 = Release|Win32
		{259763DF-AC86-B445-A465-064452171EB6}.Debug|Win32.ActiveCfg = Debug|Win32
		{259763DF-AC86-B445-A465-064452171EB6}.Debug|Win32.Build.0 = Debug|Win32
		{259763DF-AC86-B445-A465-064452171EB6}.Release|Win32.ActiveCfg = Release|Win32
		{259763DF-AC86-B445-A465-064452171EB6}.Release|Win32.Build.0 = Release|Win32
		{15C9C3A3-A6CD-F24B-AA55-74C46DFB123D}.Debug|Win32.ActiveCfg = Debug|Win32
		{15C9C3A3-A6CD-F24B-AA55-74C46DFB123D}.Debug|Win32.Build.0 = Debug|Win32
		{15C9C3A3-A6CD-F24B-AA55-74C46DFB123D}.Release|Win32.ActiveCfg = Release|Win32
		{15C9C3A3-A6CD-F24B-AA55-74C46DFB123D}.Release|Win32.Build.0 = Release|Win32
		{BC693F25-4940-BB43-8529-E27D65275975}.Debug|Win32.ActiveCfg = Debug|Win32
		{BC693F25-4940-BB43-8529-E27D65275975}.Debug|Win32.Build.0 = Debug|Win32
		{BC693F25-4940-BB43-8529-E27D65275975}.Release|Win32.ActiveCfg = Release|Win32
		{BC693F25-4940-BB43-8529-E27D65275975}.Release|Win32.Build.0 = Release|Win32
		{8BBBF780-F9F4-0843-85B4-6100C0771E09}.Debug|Win32.ActiveCfg = Debug|Win32
		{8BBBF780-F9F4-0843-85B4-6100C0771E09}.Debug|Win32.Build.0 = Debug|Win32
		{8BBBF780-F9F4-0843-85B4-6100C0771E09}.Release|Win32.ActiveCfg = Release|Win32
		{8BBBF780-F9F4-0843-85B4-6100C0771E09}.Release|Win32.Build.0 = Release|Win32
		{24AB4CEE-B82E-9C42-8ED2-9F3F7F3006AE}.Debug|Win32.ActiveCfg = Debug|Win32
		{24AB4CEE-B82E-9C42-8ED2-9F3F7F3006AE}.Debug|Win32.Build.0 = Debug|Win32
		{24AB4CEE-B82E-9C42-8ED2-9F3F7F3006AE}.Release|Win32.ActiveCfg = Release|Win32
		{24AB4CEE-B82E-9C42-8ED2-9F3F7F3006AE}.Release|Win32.Build.0 = Release|Win32
		{98CD7D27-4B74-4942-81DC-C82474A2E822}.Debug|Win32.ActiveCfg = Debug|Win32
		{98CD7D27-4B74-4942-81DC-C82474A2E822}.Debug|Win32.Build.0 = Debug|Win32
		{98CD7D27-4B74-4942-81DC-C82474A2E822}.Release|Win32.ActiveCfg = Release|Win32
		{98CD7D27-4B74-4942-81DC-C82474A2E822}.Release|Win32.Build.0 = Release|Win32
		{8B16A430-9090-B747-8825-BDE4B9A06538}.Debug|Win32.ActiveCfg = Debug|Win32
		{8B16A430-9090-B747-8825-BDE4B9A06538}.Debug|Win32.Build.0 = Debug|Win32
		{8B16A430-9090-B747-8825-BDE4B9A06538}.Release|Win32.ActiveCfg = Release|Win32
		{8B16A430-9090-B747-8825-BDE4B9A06538}.Release|Win32.Build.0 = Release|Win32
		{A22567A8-5E3D-4046-A9EE-32148A1996DE}.Debug|Win32.ActiveCfg = Debug|Win32
		{A22567A8-5E3D-4046-A9EE-32148A1996DE}.Debug|Win32.Build.0 = Debug|Win32
		{A22567A8-5E3D-4046-A9EE-32148A1996DE}.Release|Win32.ActiveCfg = Release|Win32
		{A22567A8-5E3D-4046-A9EE-32148A1996DE}.Release|Win32.Build.0 = Release|Win32
		{F81F2611-F8C5-334F-9ED8-1ABE38A1B106}.Debug|Win32.ActiveCfg = Debug|Win32
		{F81F2611-F8C5-334F-9ED8-1ABE38A1B106}.Debug|Win32.Build.0 = Debug|Win32
		{F81F2611-F8C5-334F-9ED8-1ABE38A1B106}.Release|Win32.ActiveCfg = Release|Win32
		{F81F2611-F8C5-334F-9ED8-1ABE38A1B106}.Release|Win32.Build.0 = Release|Win32
		{87AECED3-5F20-8E46-9DFD-17A9E01D7E37}.Debug|Win32.ActiveCfg = Debug|Win32
		{87AECED3-5F20-8E46-9DFD-17A9E01D7E37}.Debug|Win32.Build.0 = Debug|Win32
		{87AECED3-5F20-8E46-9DFD-17A9E01D7E37}.Release|Win32.ActiveCfg = Release|Win32
		{87AECED3-5F20-8E46-9DFD-17A9E01D7E37}.Release|Win32.Build.0 = Release|Win32
		{8ABC84ED-C999-DE4A-A929-CD6A79647804}.Debug|Win32.ActiveCfg = Debug|Win32
		{8ABC84ED-C999-DE4A-A929-CD6A79647804}.Debug|Win32.Build.0 = Debug|Win32
		{8ABC84ED-C999-DE4A-A929-CD6A79647804}.Release|Win32.ActiveCfg = Release|Win32
		{8ABC84ED-C999-DE4A-A929-CD6A79647804}.Release|Win32.Build.0 = Release|Win32
		{615744A9-90A8-A643-B2A7-223FEA845A00}.Debug|Win32.ActiveCfg = Debug|Win32
		{615744A9-90A8-A643-B2A7-223FEA845A00}.Debug|Win32.Build.0 = Debug|Win32
		{615744A9-90A8-A643-B2A7-223FEA845A00}.Release|Win32.ActiveCfg = Release|Win32
		{615744A9-90A8-A643-B2A7-223FEA845A00}.Release|Win32.Build.0 = Release|Win32
		{189FC042-4838-4342-9276-9514BB403092}.Debug|Win32.ActiveCfg = Debug|Win32
		{189FC042-4838-4342-9276-9514BB403092}.Debug|Win32.Build.0 = Debug|Win32
		{189FC042-4838-4342-9276-9514BB403092}.Release|Win32.ActiveCfg = Release|Win32
		{189FC042-4838-4342-9276-9514BB403092}.Release|Win32.Build.0 = Release|Win32
		{356BDC7D-2137-DA40-B20E-057366ADDEB7}.Debug|Win32.ActiveCfg = Debug|Win32
		{356BDC7D-2137-DA40-B20E-057366ADDEB7}.Debug|Win32.Build.0 = Debug|Win32
		{356BDC7D-2137-DA40-B20E-057366ADDEB7}.Release|Win32.ActiveCfg = Release|Win32
		{356BDC7D-2137-DA40-B20E-057366ADDEB7}.Release|Win32.Build.0 = Release|Win32
		{7A1312CF-BE73-8849-AFE9-48A028FB6C88}.Debug|Win32.ActiveCfg = Debug|Win32
		{7A1312CF-BE73-8849-AFE9-48A028FB6C88}.Debug|Win32.Build.0 = Debug|Win32
		{7A1312CF-BE73-8849-AFE9-48A028FB6C88}.Release|Win32.ActiveCfg = Release|Win32
		{7A1312CF-BE73-8849-AFE9-48A028FB6C88}.Release|Win32.Build.0 = Release|Win32
		{B4860E68-BEB0-2242-A6F6-A2D6FDCB5FD6}.Debug|Win32.ActiveCfg = Debug|Win32
		{B4860E68-BEB0-2242-A6F6-A2D6FDCB5FD6}.Debug|Win32.Build.0 = Debug|Win32
		{B4860E68-BEB0-2242-A6F6-A2D6FDCB5FD6}.Release|Win32.ActiveCfg = Release|Win32
		{B4860E68-BEB0-2242-A6F6-A2D6FDCB5FD6}.Release|Win32.Build.0 = Release|Win32
		{299C1DAB-6EB1-3D4C-8101-7CDEDE92928D}.Debug|Win32.ActiveCfg = Debug|Win32
		{299C1DAB-6EB1-3D4C-8101-7CDEDE92928D}.Debug|Win32.Build.0 = Debug|Win32
		{299C1DAB-6EB1-3D4C-8101-7CDEDE92928D}.Release|Win32.ActiveCfg = Release|Win32
		{299C1DAB-6EB1-3D4C-8101-7CDEDE92928D}.Release|Win32.Build.0 = Release|Win32
		{187FC8D5-3BD2-394C-811A-8CBA0476B0DC}.Debug|Win32.ActiveCfg = Debug|Win32
		{187FC8D5-3BD2-394C-811A-8CBA0476B0DC}.Debug|Win32.Build.0 = Debug|Win32
		{187FC8D5-3BD2-394C-811A-8CBA0476B0DC}.Release|Win32.ActiveCfg = Release|Win32
		{187FC8D5-3BD2-394C-811A-8CBA0476B0DC}.Release|Win32.Build.0 = Release|Win32
		{0C2EE701-0ABA-5E48-9253-B3A54ECD5107}.Debug|Win32.ActiveCfg = Debug|Win32
		{0C2EE701-0ABA-5E48-9253-B3A54ECD5107}.Debug|Win32.Build.0 = Debug|Win32
		{0C2EE701-0ABA-5E48-9253-B3A54ECD5107}.Release|Win32.ActiveCfg = Release|Win32
		{0C2EE701-0ABA-5E48-9253-B3A54ECD5107}.Release|Win32.Build.0 = Release|Win32
		{170EE42E-8EE9-8E49-B04F-F412A203DF1D}.Debug|Win32.ActiveCfg = Debug|Win32
		{170EE42E-8EE9-8E49-B04F-F412A203DF1D}.Debug|Win32.Build.0 = Debug|Win32
		{170EE42E-8EE9-8E49-B04F-F412A203DF1D}.Release|Win32.ActiveCfg = Release|Win32
		{170EE42E-8EE9-8E49-B04F-F412A203DF1D}.Release|Win32.Build.0 = Release|Win32
		{5B2F2D57-A129-C849-9C06-5B2D35B74E07}.Debug|Win32.ActiveCfg = Debug|Win32
		{5B2F2D57-A129-C849-9C06-5B2D35B74E07}.Debug|Win32.Build.0 = Debug|Win32
		{5B2F2D57-A129-C849-9C06-5B2D35B74E07}.Release|Win32.ActiveCfg = Release|Win32
		{5B2F2D57-A129-C849-9C06-5B2D35B74E07}.Release|Win32.Build.0 = Release|Win32
		{1BC2C664-E0D9-314C-BDDE-6DF601ADE701}.Debug|Win32.ActiveCfg = Debug|Win32
		{1BC2C664-E0D9-314C-BDDE-6DF601ADE701}.Debug|Win32.Build.0 = Debug|Win32
		{1BC2C664-E0D9-314C-BDDE-6DF601ADE701}.Release|Win32.ActiveCfg = Release|Win32
		{1BC2C664-E0D9-314C-BDDE-6DF601ADE701}.Release|Win32.Build.0 = Release|Win32
		{D2F26E24-D261-C54C-A334-F8F0EA68AA51}.Debug|Win32.ActiveCfg = Debug|Win32
		{D2F26E24-D261-C54C-A334-F8F0EA68AA51}.Debug|Win32.Build.0 = Debug|Win32
		{D2F26E24-D261-C54C-A334-F8F0EA68AA51}.Release|Win32.ActiveCfg = Release|Win32
		{D2F26E24-D261-C54C-A334-F8F0EA68AA51}.Release|Win32.Build.0 = Release|Win32
		{E544B08A-C532-884E-A0BE-0F6F7F700067}.Debug|Win32.ActiveCfg = Debug|Win32
		{E544B08A-C532-884E-A0BE-0F6F7F700067}.Debug|Win32.Build.0 = Debug|Win32
		{E544B08A-C532-884E-A0BE-0F6F7F700067}.Release|Win32.ActiveCfg = Release|Win32
		{E544B08A-C532-884E-A0BE-0F6F7F700067}.Release|Win32.Build.0 = Release|Win32
		{84FB19AD-E26F-984D-8F1F-9D92BC817E75}.Debug|Win32.ActiveCfg = Debug|Win32
		{84FB19AD-E26F-984D-8F1F-9D92BC817E75}.Debug|Win32.Build.0 = Debug|Win32
		{84FB19AD-E26F-984D-8F1F-9D92BC817E75}.Release|Win32.ActiveCfg = Release|Win32
		{84FB19AD-E26F-984D-8F1F-9D92BC817E75}.Release|Win32.Build.0 = Release|Win32
		{114BFA65-28CD-704A-A34B-99E354525E81}.Debug|Win32.ActiveCfg = Debug|Win32
		{114BFA65-28CD-704A-A34B-99E354525E81}.Debug|Win32.Build.0 = Debug|Win32
		{114BFA65-28CD-704A-A34B-99E354525E81}.Release|Win32.ActiveCfg = Release|Win32
		{114BFA65-28CD-704A-A34B-99E354525E81}.Release|Win32.Build.0 = Release|Win32
		{7F1E020B-52F6-584E-B841-8B390015238B}.Debug|Win32.ActiveCfg = Debug|Win32
		{7F1E020B-52F6-584E-B841-8B390015238B}.Debug|Win32.Build.0 = Debug|Win32
		{7F1E020B-52F6-584E-B841-8B390015238B}.Release|Win32.ActiveCfg = Release|Win32
		{7F1E020B-52F6-584E-B841-8B390015238B}.Release|Win32.Build.0 = Release|Win32
		{DFD06E4E-B317-B745-8FB4-7063244DCA3E}.Debug|Win32.ActiveCfg = Debug|Win32
		{DFD06E4E-B317-B745-8FB4-7063244DCA3E}.Debug|Win32.Build.0 = Debug|Win32
		{DFD06E4E-B317-B745-8FB4-7063244DCA3E}.Release|Win32.ActiveCfg = Release|Win32
		{DFD06E4E-B317-B745-8FB4-7063244DCA3E}.Release|Win32.Build.0 = Release|Win32
		{C72B0123-A5BD-FD45-90F1-1C29D45B5C92}.Debug|Win32.ActiveCfg = Debug|Win32
		{C72B0123-A5BD-FD45-90F1-1C29D45B5C92}.Debug|Win32.Build.0 = Debug|Win32
		{C72B0123-A5BD-FD45-90F1-1C29D45B5C92}.Release|Win32.ActiveCfg = Release|Win32
		{C72B0123-A5BD-FD45-90F1-1C29D45B5C92}.Release|Win32.Build.0 = Release|Win32
		{E8FC2B01-864C-1E4A-8E32-7103EF479048}.Debug|Win32.ActiveCfg = Debug|Win32
		{E8FC2B01-864C-1E4A-8E32-7103EF479048}.Debug|Win32.Build.0 = Debug|Win32
		{E8FC2B01-864C-1E4A-8E32-7103EF479048}.Release|Win32.ActiveCfg = Release|Win32
		{E8FC2B01-864C-1E4A-8E32-7103EF479048}.Release|Win32.Build.0 = Release|Win32
		{7BAE36E7-E655-B24D-B110-D2567316D6EA}.Debug|Win32.ActiveCfg = Debug|Win32
		{7BAE36E7-E655-B24D-B110-D2567316D6EA}.Debug|Win32.Build.0 = Debug|Win32
		{7BAE36E7-E655-B24D-B110-D2567316D6EA}.Release|Win32.ActiveCfg = Release|Win32
		{7BAE36E7-E655-B24D-B110-D2567316D6EA}.Release|Win32.Build.0 = Release|Win32
		{E3D41488-DCA1-A34B-87D3-E9820E500DA9}.Debug|Win32.ActiveCfg = Debug|Win32
		{E3D41488-DCA1-A34B-87D3-E9820E500DA9}.Debug|Win32.Build.0 = Debug|Win32
		{E3D41488-DCA1-A34B-87D3-E9820E500DA9}.Release|Win32.ActiveCfg = Release|Win32
		{E3D41488-DCA1-A34B-87D3-E9820E500DA9}.Release|Win32.Build.0 = Release|Win32
		{15323EAE-0CB5-4245-8324-A4BF2EA72D6B}.Debug|Win32.ActiveCfg = Debug|Win32
		{15323EAE-0CB5-4245-8324-A4BF2EA72D6B}.Debug|Win32.Build.0 = Debug|Win32
		{15323EAE-0CB5-4245-8324-A4BF2EA72D6B}.Release|Win32.ActiveCfg = Release|Win32
		{15323EAE-0CB5-4245-8324-A4BF2EA72D6B}.Release|Win32.Build.0 = Release|Win32
		{47B50335-DB5D-B948-B80C-E361ED5793F5}.Debug|Win32.ActiveCfg = Debug|Win32
		{47B50335-DB5D-B948-B80C-E361ED5793F5}.Debug|Win32.Build.0 = Debug|Win32
		{47B50335-DB5D-B948-B80C-E361ED5793F5}.Release|Win32.ActiveCfg = Release|Win32
		{47B50335-DB5D-B948-B80C-E361ED5793F5}.Release|Win32.Build.0 = Release|Win32
		{3186A875-B682-2D4D-97EC-CCF61AEEEAC7}.Debug|Win32.ActiveCfg = Debug|Win32
		{3186A875-B682-2D4D-97EC-CCF61AEEEAC7}.Debug|Win32.Build.0 = Debug|Win32
		{3186A875-B682-2D4D-97EC-CCF61AEEEAC7}.Release|Win32.ActiveCfg = Release|Win32
		{3186A875-B682-2D4D-97EC-CCF61AEEEAC7}.Release|Win32.Build.0 = Release|Win32
		{E2DDA701-A62F-9542-8BA9-296CBF281945}.Debug|Win32.ActiveCfg = Debug|Win32
		{E2DDA701-A62F-9542-8BA9-296CBF281945}.Debug|Win32.Build.0 = Debug|Win32
		{E2DDA701-A62F-9542-8BA9-296CBF281945}.Release|Win32.ActiveCfg = Release|Win32
		{E2DDA701-A62F-9542-8BA9-296CBF281945}.Release|Win32.Build.0 = Release|Win32
		{B7DA3C1F-B34B-A14A-BF10-BF628BA69C1B}.Debug|Win32.ActiveCfg = Debug|Win32
		{B7DA3C1F-B34B-A14A-BF10-BF628BA69C1B}.Debug|Win32.Build.0 = Debug|Win32
		{B7DA3C1F-B34B-A14A-BF10-BF628BA69C1B}.Release|Win32.ActiveCfg = Release|Win32
		{B7DA3C1F-B34B-A14A-BF10-BF628BA69C1B}.Release|Win32.Build.0 = Release|Win32
		{461B95F1-FB8D-9B45-8FF9-8E0A9F56CA1B}.Debug|Win32.ActiveCfg = Debug|Win32
		{461B95F1-FB8D-9B45-8FF9-8E0A9F56CA1B}.Debug|Win32.Build.0 = Debug|Win32
		{461B95F1-FB8D-9B45-8FF9-8E0A9F56CA1B}.Release|Win32.ActiveCfg = Release|Win32
		{461B95F1-FB8D-9B45-8FF9-8E0A9F56CA1B}.Release|Win32.Build.0 = Release|Win32
		{E4477807-2D9E-CC43-9EF3-AEB1ADEDF79C}.Debug|Win32.ActiveCfg = Debug|Win32
		{E4477807-2D9E-CC43-9EF3-AEB1ADEDF79C}.Debug|Win32.Build.0 = Debug|Win32
		{E4477807-2D9E-CC43-9EF3-AEB1ADEDF79C}.Release|Win32.ActiveCfg = Release|Win32
		{E4477807-2D9E-CC43-9EF3-AEB1ADEDF79C}.Release|Win32.Build.0 = Release|Win32
		{A916A09F-93F3-0A4F-9A95-9938BD96CF05}.Debug|Win32.ActiveCfg = Debug|Win32
		{A916A09F-93F3-0A4F-9A95-9938BD96CF05}.Debug|Win32.Build.0 = Debug|Win32
		{A916A09F-93F3-0A4F-9A95-9938BD96CF05}.Release|Win32.ActiveCfg = Release|Win32
		{A916A09F-93F3-0A4F-9A95-9938BD96CF05}.Release|Win32.Build.0 = Release|Win32
		{0DC21429-28DC-194C-AFFB-8BAB95022180}.Debug|Win32.ActiveCfg = Debug|Win32
		{0DC21429-28DC-194C-AFFB-8BAB95022180}.Debug|Win32.Build.0 = Debug|Win32
		{0DC21429-28DC-194C-AFFB-8BAB95022180}.Release|Win32.ActiveCfg = Release|Win32
		{0DC21429-28DC-194C-AFFB-8BAB95022180}.Release|Win32.Build.0 = Release|Win32
		{F7EAB41D-92CB-6B49-8131-48A61120F3C4}.Debug|Win32.ActiveCfg = Debug|Win32
		{F7EAB41D-92CB-6B49-8131-48A61120F3C4}.Debug|Win32.Build.0 = Debug|Win32
		{F7EAB41D-92CB-6B49-8131-48A61120F3C4}.Release|Win32.ActiveCfg = Release|Win32
		{F7EAB41D-92CB-6B49-8131-48A61120F3C4}.Release|Win32.Build.0 = Release|Win32
		{4CF625C3-2F83-7F4F-8ADD-15BEEFCD24E7}.Debug|Win32.ActiveCfg = Debug|Win32
		{4CF625C3-2F83-7F4F-8ADD-15BEEFCD24E7}.Debug|Win32.Build.0 = Debug|Win32
		{4CF625C3-2F83-7F4F-8ADD-15BEEFCD24E7}.Release|Win32.ActiveCfg = Release|Win32
		{4CF625C3-2F83-7F4F-8ADD-15BEEFCD24E7}.Release|Win32.Build.0 = Release|Win32
		{07A396E5-1642-6148-82DA-2FF06644E542}.Debug|Win32.ActiveCfg = Debug|Win32
		{07A396E5-1642-6148-82DA-2FF06644E542}.Debug|Win32.Build.0 = Debug|Win32
		{07A396E5-1642-6148-82DA-2FF06644E542}.Release|Win32.ActiveCfg = Release|Win32
		{07A396E5-1642-6148-82DA-2FF06644E542}.Release|Win32.Build.0 = Release|Win32
		{98C363EE-E394-564A-8F5D-8649BE4EA3A5}.Debug|Win32.ActiveCfg = Debug|Win32
		{98C363EE-E394-564A-8F5D-8649BE4EA3A5}.Debug|Win32.Build.0 = Debug|Win32
		{98C363EE-E394-564A-8F5D-8649BE4EA3A5}.Release|Win32.ActiveCfg = Release|Win32
		{98C363EE-E394-564A-8F5D-8649BE4EA3A5}.Release|Win32.Build.0 = Release|Win32
		{51ADEB0F-09DD-5242-87FC-6DD5C4A098E3}.Debug|Win32.ActiveCfg = Debug|Win32
		{51ADEB0F-09DD-5242-87FC-6DD5C4A098E3}.Debug|Win32.Build.0 = Debug|Win32
		{51ADEB0F-09DD-5242-87FC-6DD5C4A098E3}.Release|Win32.ActiveCfg = Release|Win32
		{51ADEB0F-09DD-5242-87FC-6DD5C4A098E3}.Release|Win32.Build.0 = Release|Win32
	EndGlobalSection
	GlobalSection(SolutionProperties) = preSolution
		HideSolutionNode = FALSE
	EndGlobalSection
EndGlobal
