<?xml version="1.0" encoding="utf-8"?>
<Project ToolsVersion="4.0" xmlns="http://schemas.microsoft.com/developer/msbuild/2003">
  <ItemGroup>
    <Filter Include="test">
      <UniqueIdentifier>{C9093CDD-7437-DD4D-AC04-D8FAD1E1BB0C}</UniqueIdentifier>
    </Filter>
  </ItemGroup>
  <ItemGroup>
    <ClCompile Include="..\..\..\..\..\test\testmessage.c">
      <Filter>test</Filter>
    </ClCompile>
  </ItemGroup>
</Project>
