<?xml version="1.0" encoding="utf-8"?>
<Project ToolsVersion="4.0" xmlns="http://schemas.microsoft.com/developer/msbuild/2003">
  <ItemGroup>
    <Filter Include="test">
      <UniqueIdentifier>{EF1D3B02-621B-794C-9D27-E8A8C1559E5E}</UniqueIdentifier>
    </Filter>
  </ItemGroup>
  <ItemGroup>
    <ClCompile Include="..\..\..\..\..\test\testiconv.c">
      <Filter>test</Filter>
    </ClCompile>
  </ItemGroup>
</Project>
